# This file is automatically @generated by Cargo.
# It is not intended for manual editing.
version = 4

[[package]]
name = "asm198x"
version = "0.0.6"
dependencies = [
 "isa",
 "isa-disasm",
]

[[package]]
name = "isa"
version = "0.0.6"

[[package]]
name = "isa-disasm"
version = "0.0.6"
dependencies = [
 "isa",
]
